
Microsoft Visual Studio Solution File, Format Version 12.00
# Visual Studio Version 16
VisualStudioVersion = 16.0.28711.60
MinimumVisualStudioVersion = 10.0.40219.1
Project("{FAE04EC0-301F-11D3-BF4B-00C04F79EFBC}") = "pis11", "pis11\pis11.csproj", "{2B79D50A-4A32-443E-9E07-87CE20E0CBE1}"
EndProject
Global
	GlobalSection(SolutionConfigurationPlatforms) = preSolution
		Debug|Any CPU = Debug|Any CPU
		Release|Any CPU = Release|Any CPU
	EndGlobalSection
	GlobalSection(ProjectConfigurationPlatforms) = postSolution
		{2B79D50A-4A32-443E-9E07-87CE20E0CBE1}.Debug|Any CPU.ActiveCfg = Debug|Any CPU
		{2B79D50A-4A32-443E-9E07-87CE20E0CBE1}.Debug|Any CPU.Build.0 = Debug|Any CPU
		{2B79D50A-4A32-443E-9E07-87CE20E0CBE1}.Release|Any CPU.ActiveCfg = Release|Any CPU
		{2B79D50A-4A32-443E-9E07-87CE20E0CBE1}.Release|Any CPU.Build.0 = Release|Any CPU
	EndGlobalSection
	GlobalSection(SolutionProperties) = preSolution
		HideSolutionNode = FALSE
	EndGlobalSection
	GlobalSection(ExtensibilityGlobals) = postSolution
		SolutionGuid = {AA1162E1-BB45-44D4-98C7-FD90608DE8C7}
	EndGlobalSection
EndGlobal
